
Microsoft Visual Studio Solution File, Format Version 12.00
# Visual Studio Version 16
VisualStudioVersion = 16.0.31424.327
MinimumVisualStudioVersion = 10.0.40219.1
Project("{FAE04EC0-301F-11D3-BF4B-00C04F79EFBC}") = "MegaTalentService", "MegaTalentService\MegaTalentService.csproj", "{6F8A7F9D-9D79-4E48-8B04-FAA4C1B07416}"
EndProject
Project("{2150E333-8FDC-42A3-9474-1A3956D46DE8}") = "Image", "Image", "{75608807-E186-4BA5-9379-1B4DDEE35EA5}"
EndProject
Project("{54435603-DBB4-11D2-8724-00A0C9A8B90C}") = "Data Scope", "Data Scope\Data Scope.vdproj", "{67D4053E-2B92-44BF-BB26-95093DB3F422}"
EndProject
Global
	GlobalSection(SolutionConfigurationPlatforms) = preSolution
		Debug|Any CPU = Debug|Any CPU
		Release|Any CPU = Release|Any CPU
	EndGlobalSection
	GlobalSection(ProjectConfigurationPlatforms) = postSolution
		{6F8A7F9D-9D79-4E48-8B04-FAA4C1B07416}.Debug|Any CPU.ActiveCfg = Debug|Any CPU
		{6F8A7F9D-9D79-4E48-8B04-FAA4C1B07416}.Debug|Any CPU.Build.0 = Debug|Any CPU
		{6F8A7F9D-9D79-4E48-8B04-FAA4C1B07416}.Release|Any CPU.ActiveCfg = Release|Any CPU
		{6F8A7F9D-9D79-4E48-8B04-FAA4C1B07416}.Release|Any CPU.Build.0 = Release|Any CPU
		{67D4053E-2B92-44BF-BB26-95093DB3F422}.Debug|Any CPU.ActiveCfg = Release
		{67D4053E-2B92-44BF-BB26-95093DB3F422}.Release|Any CPU.ActiveCfg = Release
	EndGlobalSection
	GlobalSection(SolutionProperties) = preSolution
		HideSolutionNode = FALSE
	EndGlobalSection
	GlobalSection(ExtensibilityGlobals) = postSolution
		SolutionGuid = {DFBE86FD-F585-44C6-9D58-5AD20D4120FD}
	EndGlobalSection
EndGlobal
